
Microsoft Visual Studio Solution File, Format Version 12.00
# Visual Studio Version 16
VisualStudioVersion = 16.0.32002.261
MinimumVisualStudioVersion = 10.0.40219.1
Project("{FAE04EC0-301F-11D3-BF4B-00C04F79EFBC}") = "Divertere", "Divertere.csproj", "{CDF211F1-3ED6-4D0E-982C-14CA9208978F}"
EndProject
Global
	GlobalSection(SolutionConfigurationPlatforms) = preSolution
		Debug|Any CPU = Debug|Any CPU
		Debug|x64 = Debug|x64
		Release|Any CPU = Release|Any CPU
		Release|x64 = Release|x64
	EndGlobalSection
	GlobalSection(ProjectConfigurationPlatforms) = postSolution
		{CDF211F1-3ED6-4D0E-982C-14CA9208978F}.Debug|Any CPU.ActiveCfg = Debug|Any CPU
		{CDF211F1-3ED6-4D0E-982C-14CA9208978F}.Debug|Any CPU.Build.0 = Debug|Any CPU
		{CDF211F1-3ED6-4D0E-982C-14CA9208978F}.Debug|x64.ActiveCfg = Debug|x64
		{CDF211F1-3ED6-4D0E-982C-14CA9208978F}.Debug|x64.Build.0 = Debug|x64
		{CDF211F1-3ED6-4D0E-982C-14CA9208978F}.Release|Any CPU.ActiveCfg = Release|Any CPU
		{CDF211F1-3ED6-4D0E-982C-14CA9208978F}.Release|Any CPU.Build.0 = Release|Any CPU
		{CDF211F1-3ED6-4D0E-982C-14CA9208978F}.Release|x64.ActiveCfg = Release|x64
		{CDF211F1-3ED6-4D0E-982C-14CA9208978F}.Release|x64.Build.0 = Release|x64
	EndGlobalSection
	GlobalSection(SolutionProperties) = preSolution
		HideSolutionNode = FALSE
	EndGlobalSection
	GlobalSection(ExtensibilityGlobals) = postSolution
		SolutionGuid = {1E5203B4-5427-4DF5-834A-07E565541454}
	EndGlobalSection
EndGlobal
